Microsoft Visual Studio Solution File, Format Version 12.00
# Visual Studio Version 17
VisualStudioVersion = 17.5.2.0
MinimumVisualStudioVersion = 10.0.40219.1
Project("{FAE04EC0-301F-11D3-BF4B-00C04F79EFBC}") = "AttechServer", "AttechServer.csproj", "{A8246811-4D6B-D945-4124-19C91F202089}"
EndProject
Global
	GlobalSection(SolutionConfigurationPlatforms) = preSolution
		Debug|Any CPU = Debug|Any CPU
		Release|Any CPU = Release|Any CPU
	EndGlobalSection
	GlobalSection(ProjectConfigurationPlatforms) = postSolution
		{A8246811-4D6B-D945-4124-19C91F202089}.Debug|Any CPU.ActiveCfg = Debug|Any CPU
		{A8246811-4D6B-D945-4124-19C91F202089}.Debug|Any CPU.Build.0 = Debug|Any CPU
		{A8246811-4D6B-D945-4124-19C91F202089}.Release|Any CPU.ActiveCfg = Release|Any CPU
		{A8246811-4D6B-D945-4124-19C91F202089}.Release|Any CPU.Build.0 = Release|Any CPU
	EndGlobalSection
	GlobalSection(SolutionProperties) = preSolution
		HideSolutionNode = FALSE
	EndGlobalSection
	GlobalSection(ExtensibilityGlobals) = postSolution
		SolutionGuid = {85F8B5C2-CD11-4415-A173-300C7213BDAB}
	EndGlobalSection
EndGlobal
